// !$*UTF8*$!
{
	archiveVersion = 1;
	classes = {
	};
	objectVersion = 46;
	objects = {

/* Begin PBXBuildFile section */
		EDA448AF1B50E075002CCF9E /* AppDelegate.swift in Sources */ = {isa = PBXBuildFile; fileRef = EDA448AE1B50E075002CCF9E /* AppDelegate.swift */; };
		EDA448B41B50E075002CCF9E /* Main.storyboard in Resources */ = {isa = PBXBuildFile; fileRef = EDA448B21B50E075002CCF9E /* Main.storyboard */; };
		EDA448B91B50E075002CCF9E /* LaunchScreen.xib in Resources */ = {isa = PBXBuildFile; fileRef = EDA448B71B50E075002CCF9E /* LaunchScreen.xib */; };
		EDA448C51B50E075002CCF9E /* SkinyTests.swift in Sources */ = {isa = PBXBuildFile; fileRef = EDA448C41B50E075002CCF9E /* SkinyTests.swift */; };
		EDA448CF1B50E342002CCF9E /* SKUserItemListViewController.swift in Sources */ = {isa = PBXBuildFile; fileRef = EDA448CE1B50E342002CCF9E /* SKUserItemListViewController.swift */; };
		EDA448D21B50E9DC002CCF9E /* SKUserItemListCell.swift in Sources */ = {isa = PBXBuildFile; fileRef = EDA448D01B50E9DC002CCF9E /* SKUserItemListCell.swift */; };
		EDB3E9611B5409200002819D /* sample.json in Resources */ = {isa = PBXBuildFile; fileRef = EDB3E9601B5409200002819D /* sample.json */; };
		EDB4F2481B51106400B618D0 /* SKAddItemViewController.swift in Sources */ = {isa = PBXBuildFile; fileRef = EDB4F2471B51106400B618D0 /* SKAddItemViewController.swift */; };
		EDB4F2541B511A9400B618D0 /* Localizable.strings in Resources */ = {isa = PBXBuildFile; fileRef = EDB4F2561B511A9400B618D0 /* Localizable.strings */; };
		EDB4F26B1B51F1C500B618D0 /* Images.xcassets in Resources */ = {isa = PBXBuildFile; fileRef = EDB4F26A1B51F1C500B618D0 /* Images.xcassets */; };
		EDB4F2711B523E5600B618D0 /* SKUserItemListCell.xib in Resources */ = {isa = PBXBuildFile; fileRef = EDB4F2731B523E5600B618D0 /* SKUserItemListCell.xib */; };
		EDB4F27F1B528E4B00B618D0 /* SKItemDetailViewController.swift in Sources */ = {isa = PBXBuildFile; fileRef = EDB4F27E1B528E4B00B618D0 /* SKItemDetailViewController.swift */; };
		EDB4F2811B53AAC300B618D0 /* SKAddItemListViewController.swift in Sources */ = {isa = PBXBuildFile; fileRef = EDB4F2801B53AAC300B618D0 /* SKAddItemListViewController.swift */; };
/* End PBXBuildFile section */

/* Begin PBXContainerItemProxy section */
		EDA448BF1B50E075002CCF9E /* PBXContainerItemProxy */ = {
			isa = PBXContainerItemProxy;
			containerPortal = EDA448A11B50E075002CCF9E /* Project object */;
			proxyType = 1;
			remoteGlobalIDString = EDA448A81B50E075002CCF9E;
			remoteInfo = Skiny;
		};
/* End PBXContainerItemProxy section */

/* Begin PBXFileReference section */
		EDA448A91B50E075002CCF9E /* Skiny.app */ = {isa = PBXFileReference; explicitFileType = wrapper.application; includeInIndex = 0; path = Skiny.app; sourceTree = BUILT_PRODUCTS_DIR; };
		EDA448AE1B50E075002CCF9E /* AppDelegate.swift */ = {isa = PBXFileReference; lastKnownFileType = sourcecode.swift; path = AppDelegate.swift; sourceTree = "<group>"; };
		EDA448B31B50E075002CCF9E /* Base */ = {isa = PBXFileReference; lastKnownFileType = file.storyboard; name = Base; path = Base.lproj/Main.storyboard; sourceTree = "<group>"; };
		EDA448B81B50E075002CCF9E /* Base */ = {isa = PBXFileReference; lastKnownFileType = file.xib; name = Base; path = Base.lproj/LaunchScreen.xib; sourceTree = "<group>"; };
		EDA448BE1B50E075002CCF9E /* SkinyTests.xctest */ = {isa = PBXFileReference; explicitFileType = wrapper.cfbundle; includeInIndex = 0; path = SkinyTests.xctest; sourceTree = BUILT_PRODUCTS_DIR; };
		EDA448C31B50E075002CCF9E /* Info.plist */ = {isa = PBXFileReference; lastKnownFileType = text.plist.xml; path = Info.plist; sourceTree = "<group>"; };
		EDA448C41B50E075002CCF9E /* SkinyTests.swift */ = {isa = PBXFileReference; lastKnownFileType = sourcecode.swift; path = SkinyTests.swift; sourceTree = "<group>"; };
		EDA448CE1B50E342002CCF9E /* SKUserItemListViewController.swift */ = {isa = PBXFileReference; fileEncoding = 4; lastKnownFileType = sourcecode.swift; path = SKUserItemListViewController.swift; sourceTree = "<group>"; };
		EDA448D01B50E9DC002CCF9E /* SKUserItemListCell.swift */ = {isa = PBXFileReference; fileEncoding = 4; lastKnownFileType = sourcecode.swift; path = SKUserItemListCell.swift; sourceTree = "<group>"; };
		EDB3E9601B5409200002819D /* sample.json */ = {isa = PBXFileReference; fileEncoding = 4; lastKnownFileType = text.json; path = sample.json; sourceTree = "<group>"; };
		EDB4F2471B51106400B618D0 /* SKAddItemViewController.swift */ = {isa = PBXFileReference; fileEncoding = 4; lastKnownFileType = sourcecode.swift; path = SKAddItemViewController.swift; sourceTree = "<group>"; };
		EDB4F24F1B511A5000B618D0 /* Base */ = {isa = PBXFileReference; lastKnownFileType = text.plist.xml; name = Base; path = Base.lproj/Info.plist; sourceTree = "<group>"; };
		EDB4F2551B511A9400B618D0 /* Base */ = {isa = PBXFileReference; lastKnownFileType = text.plist.strings; name = Base; path = Base.lproj/Localizable.strings; sourceTree = "<group>"; };
		EDB4F26A1B51F1C500B618D0 /* Images.xcassets */ = {isa = PBXFileReference; lastKnownFileType = folder.assetcatalog; path = Images.xcassets; sourceTree = "<group>"; };
		EDB4F27B1B523F3900B618D0 /* Base */ = {isa = PBXFileReference; lastKnownFileType = file.xib; name = Base; path = Base.lproj/SKUserItemListCell.xib; sourceTree = "<group>"; };
		EDB4F27E1B528E4B00B618D0 /* SKItemDetailViewController.swift */ = {isa = PBXFileReference; fileEncoding = 4; lastKnownFileType = sourcecode.swift; path = SKItemDetailViewController.swift; sourceTree = "<group>"; };
		EDB4F2801B53AAC300B618D0 /* SKAddItemListViewController.swift */ = {isa = PBXFileReference; fileEncoding = 4; lastKnownFileType = sourcecode.swift; path = SKAddItemListViewController.swift; sourceTree = "<group>"; };
/* End PBXFileReference section */

/* Begin PBXFrameworksBuildPhase section */
		EDA448A61B50E075002CCF9E /* Frameworks */ = {
			isa = PBXFrameworksBuildPhase;
			buildActionMask = 2147483647;
			files = (
			);
			runOnlyForDeploymentPostprocessing = 0;
		};
		EDA448BB1B50E075002CCF9E /* Frameworks */ = {
			isa = PBXFrameworksBuildPhase;
			buildActionMask = 2147483647;
			files = (
			);
			runOnlyForDeploymentPostprocessing = 0;
		};
/* End PBXFrameworksBuildPhase section */

/* Begin PBXGroup section */
		EDA448A01B50E075002CCF9E = {
			isa = PBXGroup;
			children = (
				EDA448AB1B50E075002CCF9E /* Skiny */,
				EDA448C11B50E075002CCF9E /* SkinyTests */,
				EDA448AA1B50E075002CCF9E /* Products */,
			);
			sourceTree = "<group>";
		};
		EDA448AA1B50E075002CCF9E /* Products */ = {
			isa = PBXGroup;
			children = (
				EDA448A91B50E075002CCF9E /* Skiny.app */,
				EDA448BE1B50E075002CCF9E /* SkinyTests.xctest */,
			);
			name = Products;
			sourceTree = "<group>";
		};
		EDA448AB1B50E075002CCF9E /* Skiny */ = {
			isa = PBXGroup;
			children = (
				EDA448AE1B50E075002CCF9E /* AppDelegate.swift */,
				EDA448B21B50E075002CCF9E /* Main.storyboard */,
				EDA448CE1B50E342002CCF9E /* SKUserItemListViewController.swift */,
				EDB4F27E1B528E4B00B618D0 /* SKItemDetailViewController.swift */,
				EDB4F2801B53AAC300B618D0 /* SKAddItemListViewController.swift */,
				EDA448D01B50E9DC002CCF9E /* SKUserItemListCell.swift */,
				EDB4F2731B523E5600B618D0 /* SKUserItemListCell.xib */,
				EDB4F2471B51106400B618D0 /* SKAddItemViewController.swift */,
				EDB4F26A1B51F1C500B618D0 /* Images.xcassets */,
				EDA448B71B50E075002CCF9E /* LaunchScreen.xib */,
				EDA448AC1B50E075002CCF9E /* Supporting Files */,
			);
			path = Skiny;
			sourceTree = "<group>";
		};
		EDA448AC1B50E075002CCF9E /* Supporting Files */ = {
			isa = PBXGroup;
			children = (
				EDB4F2501B511A5000B618D0 /* Info.plist */,
				EDB4F2561B511A9400B618D0 /* Localizable.strings */,
				EDB3E9601B5409200002819D /* sample.json */,
			);
			name = "Supporting Files";
			sourceTree = "<group>";
		};
		EDA448C11B50E075002CCF9E /* SkinyTests */ = {
			isa = PBXGroup;
			children = (
				EDA448C41B50E075002CCF9E /* SkinyTests.swift */,
				EDA448C21B50E075002CCF9E /* Supporting Files */,
			);
			path = SkinyTests;
			sourceTree = "<group>";
		};
		EDA448C21B50E075002CCF9E /* Supporting Files */ = {
			isa = PBXGroup;
			children = (
				EDA448C31B50E075002CCF9E /* Info.plist */,
			);
			name = "Supporting Files";
			sourceTree = "<group>";
		};
/* End PBXGroup section */

/* Begin PBXNativeTarget section */
		EDA448A81B50E075002CCF9E /* Skiny */ = {
			isa = PBXNativeTarget;
			buildConfigurationList = EDA448C81B50E075002CCF9E /* Build configuration list for PBXNativeTarget "Skiny" */;
			buildPhases = (
				EDA448A51B50E075002CCF9E /* Sources */,
				EDA448A61B50E075002CCF9E /* Frameworks */,
				EDA448A71B50E075002CCF9E /* Resources */,
			);
			buildRules = (
			);
			dependencies = (
			);
			name = Skiny;
			productName = Skiny;
			productReference = EDA448A91B50E075002CCF9E /* Skiny.app */;
			productType = "com.apple.product-type.application";
		};
		EDA448BD1B50E075002CCF9E /* SkinyTests */ = {
			isa = PBXNativeTarget;
			buildConfigurationList = EDA448CB1B50E075002CCF9E /* Build configuration list for PBXNativeTarget "SkinyTests" */;
			buildPhases = (
				EDA448BA1B50E075002CCF9E /* Sources */,
				EDA448BB1B50E075002CCF9E /* Frameworks */,
				EDA448BC1B50E075002CCF9E /* Resources */,
			);
			buildRules = (
			);
			dependencies = (
				EDA448C01B50E075002CCF9E /* PBXTargetDependency */,
			);
			name = SkinyTests;
			productName = SkinyTests;
			productReference = EDA448BE1B50E075002CCF9E /* SkinyTests.xctest */;
			productType = "com.apple.product-type.bundle.unit-test";
		};
/* End PBXNativeTarget section */

/* Begin PBXProject section */
		EDA448A11B50E075002CCF9E /* Project object */ = {
			isa = PBXProject;
			attributes = {
				LastUpgradeCheck = 0620;
				ORGANIZATIONNAME = Gruppy;
				TargetAttributes = {
					EDA448A81B50E075002CCF9E = {
						CreatedOnToolsVersion = 6.2;
					};
					EDA448BD1B50E075002CCF9E = {
						CreatedOnToolsVersion = 6.2;
						TestTargetID = EDA448A81B50E075002CCF9E;
					};
				};
			};
			buildConfigurationList = EDA448A41B50E075002CCF9E /* Build configuration list for PBXProject "Skiny" */;
			compatibilityVersion = "Xcode 3.2";
			developmentRegion = English;
			hasScannedForEncodings = 0;
			knownRegions = (
				en,
				Base,
				ja,
			);
			mainGroup = EDA448A01B50E075002CCF9E;
			productRefGroup = EDA448AA1B50E075002CCF9E /* Products */;
			projectDirPath = "";
			projectRoot = "";
			targets = (
				EDA448A81B50E075002CCF9E /* Skiny */,
				EDA448BD1B50E075002CCF9E /* SkinyTests */,
			);
		};
/* End PBXProject section */

/* Begin PBXResourcesBuildPhase section */
		EDA448A71B50E075002CCF9E /* Resources */ = {
			isa = PBXResourcesBuildPhase;
			buildActionMask = 2147483647;
			files = (
				EDB4F2541B511A9400B618D0 /* Localizable.strings in Resources */,
				EDB4F26B1B51F1C500B618D0 /* Images.xcassets in Resources */,
				EDA448B41B50E075002CCF9E /* Main.storyboard in Resources */,
				EDA448B91B50E075002CCF9E /* LaunchScreen.xib in Resources */,
				EDB4F2711B523E5600B618D0 /* SKUserItemListCell.xib in Resources */,
				EDB3E9611B5409200002819D /* sample.json in Resources */,
			);
			runOnlyForDeploymentPostprocessing = 0;
		};
		EDA448BC1B50E075002CCF9E /* Resources */ = {
			isa = PBXResourcesBuildPhase;
			buildActionMask = 2147483647;
			files = (
			);
			runOnlyForDeploymentPostprocessing = 0;
		};
/* End PBXResourcesBuildPhase section */

/* Begin PBXSourcesBuildPhase section */
		EDA448A51B50E075002CCF9E /* Sources */ = {
			isa = PBXSourcesBuildPhase;
			buildActionMask = 2147483647;
			files = (
				EDA448AF1B50E075002CCF9E /* AppDelegate.swift in Sources */,
				EDB4F2481B51106400B618D0 /* SKAddItemViewController.swift in Sources */,
				EDA448CF1B50E342002CCF9E /* SKUserItemListViewController.swift in Sources */,
				EDA448D21B50E9DC002CCF9E /* SKUserItemListCell.swift in Sources */,
				EDB4F27F1B528E4B00B618D0 /* SKItemDetailViewController.swift in Sources */,
				EDB4F2811B53AAC300B618D0 /* SKAddItemListViewController.swift in Sources */,
			);
			runOnlyForDeploymentPostprocessing = 0;
		};
		EDA448BA1B50E075002CCF9E /* Sources */ = {
			isa = PBXSourcesBuildPhase;
			buildActionMask = 2147483647;
			files = (
				EDA448C51B50E075002CCF9E /* SkinyTests.swift in Sources */,
			);
			runOnlyForDeploymentPostprocessing = 0;
		};
/* End PBXSourcesBuildPhase section */

/* Begin PBXTargetDependency section */
		EDA448C01B50E075002CCF9E /* PBXTargetDependency */ = {
			isa = PBXTargetDependency;
			target = EDA448A81B50E075002CCF9E /* Skiny */;
			targetProxy = EDA448BF1B50E075002CCF9E /* PBXContainerItemProxy */;
		};
/* End PBXTargetDependency section */

/* Begin PBXVariantGroup section */
		EDA448B21B50E075002CCF9E /* Main.storyboard */ = {
			isa = PBXVariantGroup;
			children = (
				EDA448B31B50E075002CCF9E /* Base */,
			);
			name = Main.storyboard;
			sourceTree = "<group>";
		};
		EDA448B71B50E075002CCF9E /* LaunchScreen.xib */ = {
			isa = PBXVariantGroup;
			children = (
				EDA448B81B50E075002CCF9E /* Base */,
			);
			name = LaunchScreen.xib;
			sourceTree = "<group>";
		};
		EDB4F2501B511A5000B618D0 /* Info.plist */ = {
			isa = PBXVariantGroup;
			children = (
				EDB4F24F1B511A5000B618D0 /* Base */,
			);
			name = Info.plist;
			sourceTree = "<group>";
		};
		EDB4F2561B511A9400B618D0 /* Localizable.strings */ = {
			isa = PBXVariantGroup;
			children = (
				EDB4F2551B511A9400B618D0 /* Base */,
			);
			name = Localizable.strings;
			sourceTree = "<group>";
		};
		EDB4F2731B523E5600B618D0 /* SKUserItemListCell.xib */ = {
			isa = PBXVariantGroup;
			children = (
				EDB4F27B1B523F3900B618D0 /* Base */,
			);
			name = SKUserItemListCell.xib;
			sourceTree = "<group>";
		};
/* End PBXVariantGroup section */

/* Begin XCBuildConfiguration section */
		EDA448C61B50E075002CCF9E /* Debug */ = {
			isa = XCBuildConfiguration;
			buildSettings = {
				ALWAYS_SEARCH_USER_PATHS = NO;
				CLANG_CXX_LANGUAGE_STANDARD = "gnu++0x";
				CLANG_CXX_LIBRARY = "libc++";
				CLANG_ENABLE_MODULES = YES;
				CLANG_ENABLE_OBJC_ARC = YES;
				CLANG_WARN_BOOL_CONVERSION = YES;
				CLANG_WARN_CONSTANT_CONVERSION = YES;
				CLANG_WARN_DIRECT_OBJC_ISA_USAGE = YES_ERROR;
				CLANG_WARN_EMPTY_BODY = YES;
				CLANG_WARN_ENUM_CONVERSION = YES;
				CLANG_WARN_INT_CONVERSION = YES;
				CLANG_WARN_OBJC_ROOT_CLASS = YES_ERROR;
				CLANG_WARN_UNREACHABLE_CODE = YES;
				CLANG_WARN__DUPLICATE_METHOD_MATCH = YES;
				"CODE_SIGN_IDENTITY[sdk=iphoneos*]" = "iPhone Developer";
				COPY_PHASE_STRIP = NO;
				ENABLE_STRICT_OBJC_MSGSEND = YES;
				GCC_C_LANGUAGE_STANDARD = gnu99;
				GCC_DYNAMIC_NO_PIC = NO;
				GCC_OPTIMIZATION_LEVEL = 0;
				GCC_PREPROCESSOR_DEFINITIONS = (
					"DEBUG=1",
					"$(inherited)",
				);
				GCC_SYMBOLS_PRIVATE_EXTERN = NO;
				GCC_WARN_64_TO_32_BIT_CONVERSION = YES;
				GCC_WARN_ABOUT_RETURN_TYPE = YES_ERROR;
				GCC_WARN_UNDECLARED_SELECTOR = YES;
				GCC_WARN_UNINITIALIZED_AUTOS = YES_AGGRESSIVE;
				GCC_WARN_UNUSED_FUNCTION = YES;
				GCC_WARN_UNUSED_VARIABLE = YES;
				IPHONEOS_DEPLOYMENT_TARGET = 8.2;
				MTL_ENABLE_DEBUG_INFO = YES;
				ONLY_ACTIVE_ARCH = YES;
				SDKROOT = iphoneos;
				SWIFT_OPTIMIZATION_LEVEL = "-Onone";
				TARGETED_DEVICE_FAMILY = "1,2";
			};
			name = Debug;
		};
		EDA448C71B50E075002CCF9E /* Release */ = {
			isa = XCBuildConfiguration;
			buildSettings = {
				ALWAYS_SEARCH_USER_PATHS = NO;
				CLANG_CXX_LANGUAGE_STANDARD = "gnu++0x";
				CLANG_CXX_LIBRARY = "libc++";
				CLANG_ENABLE_MODULES = YES;
				CLANG_ENABLE_OBJC_ARC = YES;
				CLANG_WARN_BOOL_CONVERSION = YES;
				CLANG_WARN_CONSTANT_CONVERSION = YES;
				CLANG_WARN_DIRECT_OBJC_ISA_USAGE = YES_ERROR;
				CLANG_WARN_EMPTY_BODY = YES;
				CLANG_WARN_ENUM_CONVERSION = YES;
				CLANG_WARN_INT_CONVERSION = YES;
				CLANG_WARN_OBJC_ROOT_CLASS = YES_ERROR;
				CLANG_WARN_UNREACHABLE_CODE = YES;
				CLANG_WARN__DUPLICATE_METHOD_MATCH = YES;
				"CODE_SIGN_IDENTITY[sdk=iphoneos*]" = "iPhone Developer";
				COPY_PHASE_STRIP = NO;
				ENABLE_NS_ASSERTIONS = NO;
				ENABLE_STRICT_OBJC_MSGSEND = YES;
				GCC_C_LANGUAGE_STANDARD = gnu99;
				GCC_WARN_64_TO_32_BIT_CONVERSION = YES;
				GCC_WARN_ABOUT_RETURN_TYPE = YES_ERROR;
				GCC_WARN_UNDECLARED_SELECTOR = YES;
				GCC_WARN_UNINITIALIZED_AUTOS = YES_AGGRESSIVE;
				GCC_WARN_UNUSED_FUNCTION = YES;
				GCC_WARN_UNUSED_VARIABLE = YES;
				IPHONEOS_DEPLOYMENT_TARGET = 8.2;
				MTL_ENABLE_DEBUG_INFO = NO;
				SDKROOT = iphoneos;
				TARGETED_DEVICE_FAMILY = "1,2";
				VALIDATE_PRODUCT = YES;
			};
			name = Release;
		};
		EDA448C91B50E075002CCF9E /* Debug */ = {
			isa = XCBuildConfiguration;
			buildSettings = {
				ASSETCATALOG_COMPILER_APPICON_NAME = AppIcon;
				INFOPLIST_FILE = Skiny/Base.lproj/Info.plist;
				LD_RUNPATH_SEARCH_PATHS = "$(inherited) @executable_path/Frameworks";
				PRODUCT_NAME = "$(TARGET_NAME)";
			};
			name = Debug;
		};
		EDA448CA1B50E075002CCF9E /* Release */ = {
			isa = XCBuildConfiguration;
			buildSettings = {
				ASSETCATALOG_COMPILER_APPICON_NAME = AppIcon;
				INFOPLIST_FILE = Skiny/Base.lproj/Info.plist;
				LD_RUNPATH_SEARCH_PATHS = "$(inherited) @executable_path/Frameworks";
				PRODUCT_NAME = "$(TARGET_NAME)";
			};
			name = Release;
		};
		EDA448CC1B50E075002CCF9E /* Debug */ = {
			isa = XCBuildConfiguration;
			buildSettings = {
				BUNDLE_LOADER = "$(TEST_HOST)";
				FRAMEWORK_SEARCH_PATHS = (
					"$(SDKROOT)/Developer/Library/Frameworks",
					"$(inherited)",
				);
				GCC_PREPROCESSOR_DEFINITIONS = (
					"DEBUG=1",
					"$(inherited)",
				);
				INFOPLIST_FILE = SkinyTests/Info.plist;
				LD_RUNPATH_SEARCH_PATHS = "$(inherited) @executable_path/Frameworks @loader_path/Frameworks";
				PRODUCT_NAME = "$(TARGET_NAME)";
				TEST_HOST = "$(BUILT_PRODUCTS_DIR)/Skiny.app/Skiny";
			};
			name = Debug;
		};
		EDA448CD1B50E075002CCF9E /* Release */ = {
			isa = XCBuildConfiguration;
			buildSettings = {
				BUNDLE_LOADER = "$(TEST_HOST)";
				FRAMEWORK_SEARCH_PATHS = (
					"$(SDKROOT)/Developer/Library/Frameworks",
					"$(inherited)",
				);
				INFOPLIST_FILE = SkinyTests/Info.plist;
				LD_RUNPATH_SEARCH_PATHS = "$(inherited) @executable_path/Frameworks @loader_path/Frameworks";
				PRODUCT_NAME = "$(TARGET_NAME)";
				TEST_HOST = "$(BUILT_PRODUCTS_DIR)/Skiny.app/Skiny";
			};
			name = Release;
		};
/* End XCBuildConfiguration section */

/* Begin XCConfigurationList section */
		EDA448A41B50E075002CCF9E /* Build configuration list for PBXProject "Skiny" */ = {
			isa = XCConfigurationList;
			buildConfigurations = (
				EDA448C61B50E075002CCF9E /* Debug */,
				EDA448C71B50E075002CCF9E /* Release */,
			);
			defaultConfigurationIsVisible = 0;
			defaultConfigurationName = Release;
		};
		EDA448C81B50E075002CCF9E /* Build configuration list for PBXNativeTarget "Skiny" */ = {
			isa = XCConfigurationList;
			buildConfigurations = (
				EDA448C91B50E075002CCF9E /* Debug */,
				EDA448CA1B50E075002CCF9E /* Release */,
			);
			defaultConfigurationIsVisible = 0;
			defaultConfigurationName = Release;
		};
		EDA448CB1B50E075002CCF9E /* Build configuration list for PBXNativeTarget "SkinyTests" */ = {
			isa = XCConfigurationList;
			buildConfigurations = (
				EDA448CC1B50E075002CCF9E /* Debug */,
				EDA448CD1B50E075002CCF9E /* Release */,
			);
			defaultConfigurationIsVisible = 0;
			defaultConfigurationName = Release;
		};
/* End XCConfigurationList section */
	};
	rootObject = EDA448A11B50E075002CCF9E /* Project object */;
}
